
Microsoft Visual Studio Solution File, Format Version 12.00
# Visual Studio Version 17
VisualStudioVersion = 17.5.002.0
MinimumVisualStudioVersion = 10.0.40219.1
Project("{9A19103F-16F7-4668-BE54-9A1E7A4F7556}") = "Article-Titles-30.05.2024", "Article-Titles-30.05.2024.csproj", "{6A2F26CA-FA83-4B44-8990-1E3D67A9B9AB}"
EndProject
Global
	GlobalSection(SolutionConfigurationPlatforms) = preSolution
		Debug|Any CPU = Debug|Any CPU
		Release|Any CPU = Release|Any CPU
	EndGlobalSection
	GlobalSection(ProjectConfigurationPlatforms) = postSolution
		{6A2F26CA-FA83-4B44-8990-1E3D67A9B9AB}.Debug|Any CPU.ActiveCfg = Debug|Any CPU
		{6A2F26CA-FA83-4B44-8990-1E3D67A9B9AB}.Debug|Any CPU.Build.0 = Debug|Any CPU
		{6A2F26CA-FA83-4B44-8990-1E3D67A9B9AB}.Release|Any CPU.ActiveCfg = Release|Any CPU
		{6A2F26CA-FA83-4B44-8990-1E3D67A9B9AB}.Release|Any CPU.Build.0 = Release|Any CPU
	EndGlobalSection
	GlobalSection(SolutionProperties) = preSolution
		HideSolutionNode = FALSE
	EndGlobalSection
	GlobalSection(ExtensibilityGlobals) = postSolution
		SolutionGuid = {F1A0DC5E-E2F4-4465-ADAB-20B96B00087F}
	EndGlobalSection
EndGlobal
